
Microsoft Visual Studio Solution File, Format Version 12.00
# Visual Studio 15
VisualStudioVersion = 15.0.28010.0
MinimumVisualStudioVersion = 10.0.40219.1
Project("{2150E333-8FDC-42A3-9474-1A3956D46DE8}") = "Contracts", "Contracts", "{146E5D84-D923-4731-BAB4-8D46E30A1433}"
EndProject
Project("{9A19103F-16F7-4668-BE54-9A1E7A4F7556}") = "Synergy.Contracts", "Contracts\Synergy.Contracts\Synergy.Contracts.csproj", "{653FF172-0DC5-4D81-91AE-3CE09D8CF7C1}"
EndProject
Project("{9A19103F-16F7-4668-BE54-9A1E7A4F7556}") = "Synergy.Contracts.Samples", "Contracts\Synergy.Contracts.Samples\Synergy.Contracts.Samples.csproj", "{B585BA9B-E3CC-4CE0-AE48-035C13C08B7E}"
EndProject
Project("{9A19103F-16F7-4668-BE54-9A1E7A4F7556}") = "Synergy.Contracts.Test", "Contracts\Synergy.Contracts.Test\Synergy.Contracts.Test.csproj", "{6FFB403F-FFDE-44A5-B3DA-C16F008CA8FE}"
EndProject
Project("{2150E333-8FDC-42A3-9474-1A3956D46DE8}") = "Core", "Core", "{D4BF36B2-3BB5-42D4-B989-7C85371E15FD}"
EndProject
Project("{9A19103F-16F7-4668-BE54-9A1E7A4F7556}") = "Synergy.Core", "Core\Synergy.Core\Synergy.Core.csproj", "{67DFF55D-89F0-49F6-A05D-8892B6522471}"
EndProject
Project("{9A19103F-16F7-4668-BE54-9A1E7A4F7556}") = "Synergy.Core.Sample", "Core\Synergy.Core.Sample\Synergy.Core.Sample.csproj", "{2A43C752-205E-4132-9D2C-CC6D2C46252B}"
EndProject
Project("{9A19103F-16F7-4668-BE54-9A1E7A4F7556}") = "Synergy.Core.Test", "Core\Synergy.Core.Test\Synergy.Core.Test.csproj", "{01EF8E37-17DE-4441-94DA-6BE636BB30F7}"
EndProject
Project("{2150E333-8FDC-42A3-9474-1A3956D46DE8}") = "Web", "Web", "{99DE49F8-B6A3-4816-9E92-68DE30F11C4F}"
EndProject
Project("{9A19103F-16F7-4668-BE54-9A1E7A4F7556}") = "Synergy.Web.Mvc", "Web\Synergy.Web.Mvc\Synergy.Web.Mvc.csproj", "{D28DC806-E42B-4CBF-9C82-8B132C945B84}"
EndProject
Project("{2150E333-8FDC-42A3-9474-1A3956D46DE8}") = "Database", "Database", "{38C76AB6-275F-4F67-9A71-2B605F7F3EEF}"
EndProject
Project("{9A19103F-16F7-4668-BE54-9A1E7A4F7556}") = "Synergy.NHibernate", "Database\Synergy.NHibernate\Synergy.NHibernate.csproj", "{87E9EBE3-2794-4E41-A304-8A8E510FFDC9}"
EndProject
Project("{9A19103F-16F7-4668-BE54-9A1E7A4F7556}") = "Synergy.NHibernate.Test", "Database\Synergy.NHibernate.Test\Synergy.NHibernate.Test.csproj", "{C8E079FE-FD79-40E8-9CE6-46E3E11D29C9}"
EndProject
Project("{2150E333-8FDC-42A3-9474-1A3956D46DE8}") = "Reflection", "Reflection", "{B039D88B-1131-401A-955D-D1C5A0D3D862}"
EndProject
Project("{9A19103F-16F7-4668-BE54-9A1E7A4F7556}") = "Synergy.Reflection", "Reflection\Synergy.Reflection\Synergy.Reflection.csproj", "{21915551-5CF0-4A79-A313-2022FBA1C8D4}"
EndProject
Project("{9A19103F-16F7-4668-BE54-9A1E7A4F7556}") = "Synergy.Reflection.Test", "Reflection\Synergy.Reflection.Test\Synergy.Reflection.Test.csproj", "{43DFDFF3-CA23-4772-8C7C-E3FB1CD6455A}"
EndProject
Project("{FAE04EC0-301F-11D3-BF4B-00C04F79EFBC}") = "Synergy.NHibernate.Sample", "Database\Synergy.NHibernate.Sample\Synergy.NHibernate.Sample.csproj", "{80439496-C992-478A-BFDD-DE163D1A60B6}"
EndProject
Project("{2150E333-8FDC-42A3-9474-1A3956D46DE8}") = "Pooling", "Pooling", "{4DC6E072-2050-4CF8-89E4-913458FF71B2}"
EndProject
Project("{9A19103F-16F7-4668-BE54-9A1E7A4F7556}") = "Synergy.Pooling", "Pooling\Synergy.Pooling\Synergy.Pooling.csproj", "{F00B0114-A0FD-44BE-89F2-57152764EEC9}"
EndProject
Project("{9A19103F-16F7-4668-BE54-9A1E7A4F7556}") = "Synergy.Pooling.Test", "Pooling\Synergy.Pooling.Test\Synergy.Pooling.Test.csproj", "{773A3830-CD52-4E28-8A36-31FBCE83FF37}"
EndProject
Project("{9A19103F-16F7-4668-BE54-9A1E7A4F7556}") = "Synergy.Pooling.Tutorial", "Pooling\Synergy.Pooling.Tutorial\Synergy.Pooling.Tutorial.csproj", "{E767CF43-F4DD-4CD0-A9AF-8375DF52E69B}"
EndProject
Project("{9A19103F-16F7-4668-BE54-9A1E7A4F7556}") = "Synergy.Core.Web", "Core\Synergy.Core.Web\Synergy.Core.Web.csproj", "{AF5C4DD7-6365-46E6-9517-059FAA12D212}"
EndProject
Project("{FAE04EC0-301F-11D3-BF4B-00C04F79EFBC}") = "Synergy.WindsorCastle", "Core\Synergy.WindsorCastle\Synergy.WindsorCastle.csproj", "{0D0ADA1E-3D79-4A0F-A67D-590A94994A40}"
EndProject
Global
	GlobalSection(SolutionConfigurationPlatforms) = preSolution
		Debug|Any CPU = Debug|Any CPU
		Release|Any CPU = Release|Any CPU
	EndGlobalSection
	GlobalSection(ProjectConfigurationPlatforms) = postSolution
		{653FF172-0DC5-4D81-91AE-3CE09D8CF7C1}.Debug|Any CPU.ActiveCfg = Debug|Any CPU
		{653FF172-0DC5-4D81-91AE-3CE09D8CF7C1}.Debug|Any CPU.Build.0 = Debug|Any CPU
		{653FF172-0DC5-4D81-91AE-3CE09D8CF7C1}.Release|Any CPU.ActiveCfg = Release|Any CPU
		{653FF172-0DC5-4D81-91AE-3CE09D8CF7C1}.Release|Any CPU.Build.0 = Release|Any CPU
		{B585BA9B-E3CC-4CE0-AE48-035C13C08B7E}.Debug|Any CPU.ActiveCfg = Debug|Any CPU
		{B585BA9B-E3CC-4CE0-AE48-035C13C08B7E}.Debug|Any CPU.Build.0 = Debug|Any CPU
		{B585BA9B-E3CC-4CE0-AE48-035C13C08B7E}.Release|Any CPU.ActiveCfg = Release|Any CPU
		{B585BA9B-E3CC-4CE0-AE48-035C13C08B7E}.Release|Any CPU.Build.0 = Release|Any CPU
		{6FFB403F-FFDE-44A5-B3DA-C16F008CA8FE}.Debug|Any CPU.ActiveCfg = Debug|Any CPU
		{6FFB403F-FFDE-44A5-B3DA-C16F008CA8FE}.Debug|Any CPU.Build.0 = Debug|Any CPU
		{6FFB403F-FFDE-44A5-B3DA-C16F008CA8FE}.Release|Any CPU.ActiveCfg = Release|Any CPU
		{6FFB403F-FFDE-44A5-B3DA-C16F008CA8FE}.Release|Any CPU.Build.0 = Release|Any CPU
		{67DFF55D-89F0-49F6-A05D-8892B6522471}.Debug|Any CPU.ActiveCfg = Debug|Any CPU
		{67DFF55D-89F0-49F6-A05D-8892B6522471}.Debug|Any CPU.Build.0 = Debug|Any CPU
		{67DFF55D-89F0-49F6-A05D-8892B6522471}.Release|Any CPU.ActiveCfg = Release|Any CPU
		{67DFF55D-89F0-49F6-A05D-8892B6522471}.Release|Any CPU.Build.0 = Release|Any CPU
		{2A43C752-205E-4132-9D2C-CC6D2C46252B}.Debug|Any CPU.ActiveCfg = Debug|Any CPU
		{2A43C752-205E-4132-9D2C-CC6D2C46252B}.Debug|Any CPU.Build.0 = Debug|Any CPU
		{2A43C752-205E-4132-9D2C-CC6D2C46252B}.Release|Any CPU.ActiveCfg = Release|Any CPU
		{2A43C752-205E-4132-9D2C-CC6D2C46252B}.Release|Any CPU.Build.0 = Release|Any CPU
		{01EF8E37-17DE-4441-94DA-6BE636BB30F7}.Debug|Any CPU.ActiveCfg = Debug|Any CPU
		{01EF8E37-17DE-4441-94DA-6BE636BB30F7}.Debug|Any CPU.Build.0 = Debug|Any CPU
		{01EF8E37-17DE-4441-94DA-6BE636BB30F7}.Release|Any CPU.ActiveCfg = Release|Any CPU
		{01EF8E37-17DE-4441-94DA-6BE636BB30F7}.Release|Any CPU.Build.0 = Release|Any CPU
		{D28DC806-E42B-4CBF-9C82-8B132C945B84}.Debug|Any CPU.ActiveCfg = Debug|Any CPU
		{D28DC806-E42B-4CBF-9C82-8B132C945B84}.Debug|Any CPU.Build.0 = Debug|Any CPU
		{D28DC806-E42B-4CBF-9C82-8B132C945B84}.Release|Any CPU.ActiveCfg = Release|Any CPU
		{D28DC806-E42B-4CBF-9C82-8B132C945B84}.Release|Any CPU.Build.0 = Release|Any CPU
		{87E9EBE3-2794-4E41-A304-8A8E510FFDC9}.Debug|Any CPU.ActiveCfg = Debug|Any CPU
		{87E9EBE3-2794-4E41-A304-8A8E510FFDC9}.Debug|Any CPU.Build.0 = Debug|Any CPU
		{87E9EBE3-2794-4E41-A304-8A8E510FFDC9}.Release|Any CPU.ActiveCfg = Release|Any CPU
		{87E9EBE3-2794-4E41-A304-8A8E510FFDC9}.Release|Any CPU.Build.0 = Release|Any CPU
		{C8E079FE-FD79-40E8-9CE6-46E3E11D29C9}.Debug|Any CPU.ActiveCfg = Debug|Any CPU
		{C8E079FE-FD79-40E8-9CE6-46E3E11D29C9}.Debug|Any CPU.Build.0 = Debug|Any CPU
		{C8E079FE-FD79-40E8-9CE6-46E3E11D29C9}.Release|Any CPU.ActiveCfg = Release|Any CPU
		{C8E079FE-FD79-40E8-9CE6-46E3E11D29C9}.Release|Any CPU.Build.0 = Release|Any CPU
		{21915551-5CF0-4A79-A313-2022FBA1C8D4}.Debug|Any CPU.ActiveCfg = Debug|Any CPU
		{21915551-5CF0-4A79-A313-2022FBA1C8D4}.Debug|Any CPU.Build.0 = Debug|Any CPU
		{21915551-5CF0-4A79-A313-2022FBA1C8D4}.Release|Any CPU.ActiveCfg = Release|Any CPU
		{21915551-5CF0-4A79-A313-2022FBA1C8D4}.Release|Any CPU.Build.0 = Release|Any CPU
		{43DFDFF3-CA23-4772-8C7C-E3FB1CD6455A}.Debug|Any CPU.ActiveCfg = Debug|Any CPU
		{43DFDFF3-CA23-4772-8C7C-E3FB1CD6455A}.Debug|Any CPU.Build.0 = Debug|Any CPU
		{43DFDFF3-CA23-4772-8C7C-E3FB1CD6455A}.Release|Any CPU.ActiveCfg = Release|Any CPU
		{43DFDFF3-CA23-4772-8C7C-E3FB1CD6455A}.Release|Any CPU.Build.0 = Release|Any CPU
		{80439496-C992-478A-BFDD-DE163D1A60B6}.Debug|Any CPU.ActiveCfg = Debug|Any CPU
		{80439496-C992-478A-BFDD-DE163D1A60B6}.Debug|Any CPU.Build.0 = Debug|Any CPU
		{80439496-C992-478A-BFDD-DE163D1A60B6}.Release|Any CPU.ActiveCfg = Release|Any CPU
		{80439496-C992-478A-BFDD-DE163D1A60B6}.Release|Any CPU.Build.0 = Release|Any CPU
		{F00B0114-A0FD-44BE-89F2-57152764EEC9}.Debug|Any CPU.ActiveCfg = Debug|Any CPU
		{F00B0114-A0FD-44BE-89F2-57152764EEC9}.Debug|Any CPU.Build.0 = Debug|Any CPU
		{F00B0114-A0FD-44BE-89F2-57152764EEC9}.Release|Any CPU.ActiveCfg = Release|Any CPU
		{F00B0114-A0FD-44BE-89F2-57152764EEC9}.Release|Any CPU.Build.0 = Release|Any CPU
		{773A3830-CD52-4E28-8A36-31FBCE83FF37}.Debug|Any CPU.ActiveCfg = Debug|Any CPU
		{773A3830-CD52-4E28-8A36-31FBCE83FF37}.Debug|Any CPU.Build.0 = Debug|Any CPU
		{773A3830-CD52-4E28-8A36-31FBCE83FF37}.Release|Any CPU.ActiveCfg = Release|Any CPU
		{773A3830-CD52-4E28-8A36-31FBCE83FF37}.Release|Any CPU.Build.0 = Release|Any CPU
		{E767CF43-F4DD-4CD0-A9AF-8375DF52E69B}.Debug|Any CPU.ActiveCfg = Debug|Any CPU
		{E767CF43-F4DD-4CD0-A9AF-8375DF52E69B}.Debug|Any CPU.Build.0 = Debug|Any CPU
		{E767CF43-F4DD-4CD0-A9AF-8375DF52E69B}.Release|Any CPU.ActiveCfg = Release|Any CPU
		{E767CF43-F4DD-4CD0-A9AF-8375DF52E69B}.Release|Any CPU.Build.0 = Release|Any CPU
		{AF5C4DD7-6365-46E6-9517-059FAA12D212}.Debug|Any CPU.ActiveCfg = Debug|Any CPU
		{AF5C4DD7-6365-46E6-9517-059FAA12D212}.Debug|Any CPU.Build.0 = Debug|Any CPU
		{AF5C4DD7-6365-46E6-9517-059FAA12D212}.Release|Any CPU.ActiveCfg = Release|Any CPU
		{AF5C4DD7-6365-46E6-9517-059FAA12D212}.Release|Any CPU.Build.0 = Release|Any CPU
		{0D0ADA1E-3D79-4A0F-A67D-590A94994A40}.Debug|Any CPU.ActiveCfg = Debug|Any CPU
		{0D0ADA1E-3D79-4A0F-A67D-590A94994A40}.Debug|Any CPU.Build.0 = Debug|Any CPU
		{0D0ADA1E-3D79-4A0F-A67D-590A94994A40}.Release|Any CPU.ActiveCfg = Release|Any CPU
		{0D0ADA1E-3D79-4A0F-A67D-590A94994A40}.Release|Any CPU.Build.0 = Release|Any CPU
	EndGlobalSection
	GlobalSection(SolutionProperties) = preSolution
		HideSolutionNode = FALSE
	EndGlobalSection
	GlobalSection(NestedProjects) = preSolution
		{653FF172-0DC5-4D81-91AE-3CE09D8CF7C1} = {146E5D84-D923-4731-BAB4-8D46E30A1433}
		{B585BA9B-E3CC-4CE0-AE48-035C13C08B7E} = {146E5D84-D923-4731-BAB4-8D46E30A1433}
		{6FFB403F-FFDE-44A5-B3DA-C16F008CA8FE} = {146E5D84-D923-4731-BAB4-8D46E30A1433}
		{67DFF55D-89F0-49F6-A05D-8892B6522471} = {D4BF36B2-3BB5-42D4-B989-7C85371E15FD}
		{2A43C752-205E-4132-9D2C-CC6D2C46252B} = {D4BF36B2-3BB5-42D4-B989-7C85371E15FD}
		{01EF8E37-17DE-4441-94DA-6BE636BB30F7} = {D4BF36B2-3BB5-42D4-B989-7C85371E15FD}
		{D28DC806-E42B-4CBF-9C82-8B132C945B84} = {99DE49F8-B6A3-4816-9E92-68DE30F11C4F}
		{87E9EBE3-2794-4E41-A304-8A8E510FFDC9} = {38C76AB6-275F-4F67-9A71-2B605F7F3EEF}
		{C8E079FE-FD79-40E8-9CE6-46E3E11D29C9} = {38C76AB6-275F-4F67-9A71-2B605F7F3EEF}
		{21915551-5CF0-4A79-A313-2022FBA1C8D4} = {B039D88B-1131-401A-955D-D1C5A0D3D862}
		{43DFDFF3-CA23-4772-8C7C-E3FB1CD6455A} = {B039D88B-1131-401A-955D-D1C5A0D3D862}
		{80439496-C992-478A-BFDD-DE163D1A60B6} = {38C76AB6-275F-4F67-9A71-2B605F7F3EEF}
		{F00B0114-A0FD-44BE-89F2-57152764EEC9} = {4DC6E072-2050-4CF8-89E4-913458FF71B2}
		{773A3830-CD52-4E28-8A36-31FBCE83FF37} = {4DC6E072-2050-4CF8-89E4-913458FF71B2}
		{E767CF43-F4DD-4CD0-A9AF-8375DF52E69B} = {4DC6E072-2050-4CF8-89E4-913458FF71B2}
		{AF5C4DD7-6365-46E6-9517-059FAA12D212} = {D4BF36B2-3BB5-42D4-B989-7C85371E15FD}
		{0D0ADA1E-3D79-4A0F-A67D-590A94994A40} = {D4BF36B2-3BB5-42D4-B989-7C85371E15FD}
	EndGlobalSection
	GlobalSection(ExtensibilityGlobals) = postSolution
		SolutionGuid = {2DD5F49D-3F67-4D88-A29C-EFDBE7B76098}
	EndGlobalSection
EndGlobal
