
Microsoft Visual Studio Solution File, Format Version 12.00
# Visual Studio 15
VisualStudioVersion = 15.0.28010.0
MinimumVisualStudioVersion = 10.0.40219.1
Project("{2150E333-8FDC-42A3-9474-1A3956D46DE8}") = "Contracts", "Contracts", "{146E5D84-D923-4731-BAB4-8D46E30A1433}"
EndProject
Project("{9A19103F-16F7-4668-BE54-9A1E7A4F7556}") = "Synergy.Contracts", "Contracts\Synergy.Contracts\Synergy.Contracts.csproj", "{653FF172-0DC5-4D81-91AE-3CE09D8CF7C1}"
EndProject
Project("{9A19103F-16F7-4668-BE54-9A1E7A4F7556}") = "Synergy.Contracts.Samples", "Contracts\Synergy.Contracts.Samples\Synergy.Contracts.Samples.csproj", "{B585BA9B-E3CC-4CE0-AE48-035C13C08B7E}"
EndProject
Project("{9A19103F-16F7-4668-BE54-9A1E7A4F7556}") = "Synergy.Contracts.Test", "Contracts\Synergy.Contracts.Test\Synergy.Contracts.Test.csproj", "{6FFB403F-FFDE-44A5-B3DA-C16F008CA8FE}"
EndProject
Project("{2150E333-8FDC-42A3-9474-1A3956D46DE8}") = "Web", "Web", "{99DE49F8-B6A3-4816-9E92-68DE30F11C4F}"
EndProject
Project("{2150E333-8FDC-42A3-9474-1A3956D46DE8}") = "Reflection", "Reflection", "{B039D88B-1131-401A-955D-D1C5A0D3D862}"
EndProject
Project("{9A19103F-16F7-4668-BE54-9A1E7A4F7556}") = "Synergy.Reflection", "Reflection\Synergy.Reflection\Synergy.Reflection.csproj", "{21915551-5CF0-4A79-A313-2022FBA1C8D4}"
EndProject
Project("{9A19103F-16F7-4668-BE54-9A1E7A4F7556}") = "Synergy.Reflection.Test", "Reflection\Synergy.Reflection.Test\Synergy.Reflection.Test.csproj", "{43DFDFF3-CA23-4772-8C7C-E3FB1CD6455A}"
EndProject
Project("{FAE04EC0-301F-11D3-BF4B-00C04F79EFBC}") = "Synergy.Web.Api.Testing", "Web\Synergy.Web.Api.Testing\Synergy.Web.Api.Testing.csproj", "{B9AE0E19-20E3-4902-9B89-2BAD6DA0D521}"
EndProject
Project("{FAE04EC0-301F-11D3-BF4B-00C04F79EFBC}") = "Synergy.Sample.Web.API.Services", "Web\Sample\Synergy.Sample.Web.API.Services\Synergy.Sample.Web.API.Services.csproj", "{E7A2BE03-5033-4653-816B-27287D9254E4}"
EndProject
Project("{2150E333-8FDC-42A3-9474-1A3956D46DE8}") = "Sample", "Sample", "{54BCA2D4-17CE-401A-9A9A-E0729794F73E}"
EndProject
Project("{FAE04EC0-301F-11D3-BF4B-00C04F79EFBC}") = "Synergy.Sample.Web.API", "Web\Sample\Synergy.Sample.Web.API\Synergy.Sample.Web.API.csproj", "{A2AB9EE7-67D6-45A9-8A79-944891ED3479}"
EndProject
Project("{FAE04EC0-301F-11D3-BF4B-00C04F79EFBC}") = "Synergy.Sample.Web.API.Tests", "Web\Sample\Synergy.Sample.Web.API.Tests\Synergy.Sample.Web.API.Tests.csproj", "{E0979ECE-56A4-4163-8178-CF7050F139B6}"
EndProject
Project("{FAE04EC0-301F-11D3-BF4B-00C04F79EFBC}") = "Synergy.Convention.Testing", "Architecture\Synergy.Convention.Testing\Synergy.Convention.Testing.csproj", "{50DBF0BA-6592-4876-81DE-99D9684625E4}"
EndProject
Project("{FAE04EC0-301F-11D3-BF4B-00C04F79EFBC}") = "Synergy.Catalogue", "Synergy.Catalogue\Synergy.Catalogue.csproj", "{DAB65E07-6FE9-49D8-833D-8CB6FDCF80BF}"
EndProject
Project("{FAE04EC0-301F-11D3-BF4B-00C04F79EFBC}") = "Synergy.Documentation", "Documentation\Synergy.Documentation\Synergy.Documentation.csproj", "{C2D8A794-86EC-48F5-A7ED-B7B6746757DA}"
EndProject
Project("{2150E333-8FDC-42A3-9474-1A3956D46DE8}") = "Behaviours", "Behaviours", "{06C9B7C0-23DF-4716-B632-DFB7DE7447A4}"
EndProject
Project("{FAE04EC0-301F-11D3-BF4B-00C04F79EFBC}") = "Synergy.Behaviours.Testing", "Behaviours\Synergy.Behaviours.Testing\Synergy.Behaviours.Testing.csproj", "{266B20E2-5F87-48F3-8DF6-40FCCB584070}"
EndProject
Project("{FAE04EC0-301F-11D3-BF4B-00C04F79EFBC}") = "Synergy.Behaviours.Tests", "Behaviours\Synergy.Behaviours.Tests\Synergy.Behaviours.Tests.csproj", "{705DC578-EE0C-4BF3-8C7E-21EF4FCB85FF}"
EndProject
Project("{2150E333-8FDC-42A3-9474-1A3956D46DE8}") = "Architecture", "Architecture", "{CC07DA22-A2CC-49B6-A381-D2282344137D}"
EndProject
Project("{FAE04EC0-301F-11D3-BF4B-00C04F79EFBC}") = "Synergy.Architecture.Diagrams", "Architecture\Synergy.Architecture.Diagrams\Synergy.Architecture.Diagrams.csproj", "{FCE913A9-67C5-4345-9193-405A1D6A0D32}"
EndProject
Project("{FAE04EC0-301F-11D3-BF4B-00C04F79EFBC}") = "Synergy.Architecture.Annotations", "Architecture\Synergy.Architecture.Annotations\Synergy.Architecture.Annotations.csproj", "{C651C9B0-C152-401C-9BC8-671C051A4564}"
EndProject
Project("{2150E333-8FDC-42A3-9474-1A3956D46DE8}") = "Documentation", "Documentation", "{DF83B560-73BF-453F-B51E-D22A58BCF2C3}"
	ProjectSection(SolutionItems) = preProject
		Documentation\README.md = Documentation\README.md
	EndProjectSection
EndProject
Project("{FAE04EC0-301F-11D3-BF4B-00C04F79EFBC}") = "Synergy.Documentation.Tests", "Documentation\Synergy.Documentation.Tests\Synergy.Documentation.Tests.csproj", "{7EC1D861-5A09-4518-8A9D-F69CD5D05743}"
EndProject
Project("{FAE04EC0-301F-11D3-BF4B-00C04F79EFBC}") = "Synergy.Architecture.Tests", "Architecture\Synergy.Architecture.Tests\Synergy.Architecture.Tests.csproj", "{FAB9C4F0-760F-4F49-BD8B-EC29D31D91BD}"
EndProject
Project("{FAE04EC0-301F-11D3-BF4B-00C04F79EFBC}") = "Synergy.Web.Api.Tests", "Web\Synergy.Web.Api.Tests\Synergy.Web.Api.Tests.csproj", "{940D3B8B-20D9-4745-9028-498E383D3170}"
EndProject
Global
	GlobalSection(SolutionConfigurationPlatforms) = preSolution
		Debug|Any CPU = Debug|Any CPU
		Release|Any CPU = Release|Any CPU
	EndGlobalSection
	GlobalSection(ProjectConfigurationPlatforms) = postSolution
		{653FF172-0DC5-4D81-91AE-3CE09D8CF7C1}.Debug|Any CPU.ActiveCfg = Debug|Any CPU
		{653FF172-0DC5-4D81-91AE-3CE09D8CF7C1}.Debug|Any CPU.Build.0 = Debug|Any CPU
		{653FF172-0DC5-4D81-91AE-3CE09D8CF7C1}.Release|Any CPU.ActiveCfg = Release|Any CPU
		{653FF172-0DC5-4D81-91AE-3CE09D8CF7C1}.Release|Any CPU.Build.0 = Release|Any CPU
		{B585BA9B-E3CC-4CE0-AE48-035C13C08B7E}.Debug|Any CPU.ActiveCfg = Debug|Any CPU
		{B585BA9B-E3CC-4CE0-AE48-035C13C08B7E}.Debug|Any CPU.Build.0 = Debug|Any CPU
		{B585BA9B-E3CC-4CE0-AE48-035C13C08B7E}.Release|Any CPU.ActiveCfg = Release|Any CPU
		{B585BA9B-E3CC-4CE0-AE48-035C13C08B7E}.Release|Any CPU.Build.0 = Release|Any CPU
		{6FFB403F-FFDE-44A5-B3DA-C16F008CA8FE}.Debug|Any CPU.ActiveCfg = Debug|Any CPU
		{6FFB403F-FFDE-44A5-B3DA-C16F008CA8FE}.Debug|Any CPU.Build.0 = Debug|Any CPU
		{6FFB403F-FFDE-44A5-B3DA-C16F008CA8FE}.Release|Any CPU.ActiveCfg = Release|Any CPU
		{6FFB403F-FFDE-44A5-B3DA-C16F008CA8FE}.Release|Any CPU.Build.0 = Release|Any CPU
		{21915551-5CF0-4A79-A313-2022FBA1C8D4}.Debug|Any CPU.ActiveCfg = Debug|Any CPU
		{21915551-5CF0-4A79-A313-2022FBA1C8D4}.Debug|Any CPU.Build.0 = Debug|Any CPU
		{21915551-5CF0-4A79-A313-2022FBA1C8D4}.Release|Any CPU.ActiveCfg = Release|Any CPU
		{21915551-5CF0-4A79-A313-2022FBA1C8D4}.Release|Any CPU.Build.0 = Release|Any CPU
		{43DFDFF3-CA23-4772-8C7C-E3FB1CD6455A}.Debug|Any CPU.ActiveCfg = Debug|Any CPU
		{43DFDFF3-CA23-4772-8C7C-E3FB1CD6455A}.Debug|Any CPU.Build.0 = Debug|Any CPU
		{43DFDFF3-CA23-4772-8C7C-E3FB1CD6455A}.Release|Any CPU.ActiveCfg = Release|Any CPU
		{43DFDFF3-CA23-4772-8C7C-E3FB1CD6455A}.Release|Any CPU.Build.0 = Release|Any CPU
		{B9AE0E19-20E3-4902-9B89-2BAD6DA0D521}.Debug|Any CPU.ActiveCfg = Debug|Any CPU
		{B9AE0E19-20E3-4902-9B89-2BAD6DA0D521}.Debug|Any CPU.Build.0 = Debug|Any CPU
		{B9AE0E19-20E3-4902-9B89-2BAD6DA0D521}.Release|Any CPU.ActiveCfg = Release|Any CPU
		{B9AE0E19-20E3-4902-9B89-2BAD6DA0D521}.Release|Any CPU.Build.0 = Release|Any CPU
		{E7A2BE03-5033-4653-816B-27287D9254E4}.Debug|Any CPU.ActiveCfg = Debug|Any CPU
		{E7A2BE03-5033-4653-816B-27287D9254E4}.Debug|Any CPU.Build.0 = Debug|Any CPU
		{E7A2BE03-5033-4653-816B-27287D9254E4}.Release|Any CPU.ActiveCfg = Release|Any CPU
		{E7A2BE03-5033-4653-816B-27287D9254E4}.Release|Any CPU.Build.0 = Release|Any CPU
		{A2AB9EE7-67D6-45A9-8A79-944891ED3479}.Debug|Any CPU.ActiveCfg = Debug|Any CPU
		{A2AB9EE7-67D6-45A9-8A79-944891ED3479}.Debug|Any CPU.Build.0 = Debug|Any CPU
		{A2AB9EE7-67D6-45A9-8A79-944891ED3479}.Release|Any CPU.ActiveCfg = Release|Any CPU
		{A2AB9EE7-67D6-45A9-8A79-944891ED3479}.Release|Any CPU.Build.0 = Release|Any CPU
		{E0979ECE-56A4-4163-8178-CF7050F139B6}.Debug|Any CPU.ActiveCfg = Debug|Any CPU
		{E0979ECE-56A4-4163-8178-CF7050F139B6}.Debug|Any CPU.Build.0 = Debug|Any CPU
		{E0979ECE-56A4-4163-8178-CF7050F139B6}.Release|Any CPU.ActiveCfg = Release|Any CPU
		{E0979ECE-56A4-4163-8178-CF7050F139B6}.Release|Any CPU.Build.0 = Release|Any CPU
		{50DBF0BA-6592-4876-81DE-99D9684625E4}.Debug|Any CPU.ActiveCfg = Debug|Any CPU
		{50DBF0BA-6592-4876-81DE-99D9684625E4}.Debug|Any CPU.Build.0 = Debug|Any CPU
		{50DBF0BA-6592-4876-81DE-99D9684625E4}.Release|Any CPU.ActiveCfg = Release|Any CPU
		{50DBF0BA-6592-4876-81DE-99D9684625E4}.Release|Any CPU.Build.0 = Release|Any CPU
		{DAB65E07-6FE9-49D8-833D-8CB6FDCF80BF}.Debug|Any CPU.ActiveCfg = Debug|Any CPU
		{DAB65E07-6FE9-49D8-833D-8CB6FDCF80BF}.Debug|Any CPU.Build.0 = Debug|Any CPU
		{DAB65E07-6FE9-49D8-833D-8CB6FDCF80BF}.Release|Any CPU.ActiveCfg = Release|Any CPU
		{DAB65E07-6FE9-49D8-833D-8CB6FDCF80BF}.Release|Any CPU.Build.0 = Release|Any CPU
		{C2D8A794-86EC-48F5-A7ED-B7B6746757DA}.Debug|Any CPU.ActiveCfg = Debug|Any CPU
		{C2D8A794-86EC-48F5-A7ED-B7B6746757DA}.Debug|Any CPU.Build.0 = Debug|Any CPU
		{C2D8A794-86EC-48F5-A7ED-B7B6746757DA}.Release|Any CPU.ActiveCfg = Release|Any CPU
		{C2D8A794-86EC-48F5-A7ED-B7B6746757DA}.Release|Any CPU.Build.0 = Release|Any CPU
		{266B20E2-5F87-48F3-8DF6-40FCCB584070}.Debug|Any CPU.ActiveCfg = Debug|Any CPU
		{266B20E2-5F87-48F3-8DF6-40FCCB584070}.Debug|Any CPU.Build.0 = Debug|Any CPU
		{266B20E2-5F87-48F3-8DF6-40FCCB584070}.Release|Any CPU.ActiveCfg = Release|Any CPU
		{266B20E2-5F87-48F3-8DF6-40FCCB584070}.Release|Any CPU.Build.0 = Release|Any CPU
		{705DC578-EE0C-4BF3-8C7E-21EF4FCB85FF}.Debug|Any CPU.ActiveCfg = Debug|Any CPU
		{705DC578-EE0C-4BF3-8C7E-21EF4FCB85FF}.Debug|Any CPU.Build.0 = Debug|Any CPU
		{705DC578-EE0C-4BF3-8C7E-21EF4FCB85FF}.Release|Any CPU.ActiveCfg = Release|Any CPU
		{705DC578-EE0C-4BF3-8C7E-21EF4FCB85FF}.Release|Any CPU.Build.0 = Release|Any CPU
		{FCE913A9-67C5-4345-9193-405A1D6A0D32}.Debug|Any CPU.ActiveCfg = Debug|Any CPU
		{FCE913A9-67C5-4345-9193-405A1D6A0D32}.Debug|Any CPU.Build.0 = Debug|Any CPU
		{FCE913A9-67C5-4345-9193-405A1D6A0D32}.Release|Any CPU.ActiveCfg = Release|Any CPU
		{FCE913A9-67C5-4345-9193-405A1D6A0D32}.Release|Any CPU.Build.0 = Release|Any CPU
		{C651C9B0-C152-401C-9BC8-671C051A4564}.Debug|Any CPU.ActiveCfg = Debug|Any CPU
		{C651C9B0-C152-401C-9BC8-671C051A4564}.Debug|Any CPU.Build.0 = Debug|Any CPU
		{C651C9B0-C152-401C-9BC8-671C051A4564}.Release|Any CPU.ActiveCfg = Release|Any CPU
		{C651C9B0-C152-401C-9BC8-671C051A4564}.Release|Any CPU.Build.0 = Release|Any CPU
		{7EC1D861-5A09-4518-8A9D-F69CD5D05743}.Debug|Any CPU.ActiveCfg = Debug|Any CPU
		{7EC1D861-5A09-4518-8A9D-F69CD5D05743}.Debug|Any CPU.Build.0 = Debug|Any CPU
		{7EC1D861-5A09-4518-8A9D-F69CD5D05743}.Release|Any CPU.ActiveCfg = Release|Any CPU
		{7EC1D861-5A09-4518-8A9D-F69CD5D05743}.Release|Any CPU.Build.0 = Release|Any CPU
		{FAB9C4F0-760F-4F49-BD8B-EC29D31D91BD}.Debug|Any CPU.ActiveCfg = Debug|Any CPU
		{FAB9C4F0-760F-4F49-BD8B-EC29D31D91BD}.Debug|Any CPU.Build.0 = Debug|Any CPU
		{FAB9C4F0-760F-4F49-BD8B-EC29D31D91BD}.Release|Any CPU.ActiveCfg = Release|Any CPU
		{FAB9C4F0-760F-4F49-BD8B-EC29D31D91BD}.Release|Any CPU.Build.0 = Release|Any CPU
		{940D3B8B-20D9-4745-9028-498E383D3170}.Debug|Any CPU.ActiveCfg = Debug|Any CPU
		{940D3B8B-20D9-4745-9028-498E383D3170}.Debug|Any CPU.Build.0 = Debug|Any CPU
		{940D3B8B-20D9-4745-9028-498E383D3170}.Release|Any CPU.ActiveCfg = Release|Any CPU
		{940D3B8B-20D9-4745-9028-498E383D3170}.Release|Any CPU.Build.0 = Release|Any CPU
	EndGlobalSection
	GlobalSection(SolutionProperties) = preSolution
		HideSolutionNode = FALSE
	EndGlobalSection
	GlobalSection(NestedProjects) = preSolution
		{653FF172-0DC5-4D81-91AE-3CE09D8CF7C1} = {146E5D84-D923-4731-BAB4-8D46E30A1433}
		{B585BA9B-E3CC-4CE0-AE48-035C13C08B7E} = {146E5D84-D923-4731-BAB4-8D46E30A1433}
		{6FFB403F-FFDE-44A5-B3DA-C16F008CA8FE} = {146E5D84-D923-4731-BAB4-8D46E30A1433}
		{21915551-5CF0-4A79-A313-2022FBA1C8D4} = {B039D88B-1131-401A-955D-D1C5A0D3D862}
		{43DFDFF3-CA23-4772-8C7C-E3FB1CD6455A} = {B039D88B-1131-401A-955D-D1C5A0D3D862}
		{B9AE0E19-20E3-4902-9B89-2BAD6DA0D521} = {99DE49F8-B6A3-4816-9E92-68DE30F11C4F}
		{54BCA2D4-17CE-401A-9A9A-E0729794F73E} = {99DE49F8-B6A3-4816-9E92-68DE30F11C4F}
		{E7A2BE03-5033-4653-816B-27287D9254E4} = {54BCA2D4-17CE-401A-9A9A-E0729794F73E}
		{A2AB9EE7-67D6-45A9-8A79-944891ED3479} = {54BCA2D4-17CE-401A-9A9A-E0729794F73E}
		{E0979ECE-56A4-4163-8178-CF7050F139B6} = {54BCA2D4-17CE-401A-9A9A-E0729794F73E}
		{266B20E2-5F87-48F3-8DF6-40FCCB584070} = {06C9B7C0-23DF-4716-B632-DFB7DE7447A4}
		{705DC578-EE0C-4BF3-8C7E-21EF4FCB85FF} = {06C9B7C0-23DF-4716-B632-DFB7DE7447A4}
		{FCE913A9-67C5-4345-9193-405A1D6A0D32} = {CC07DA22-A2CC-49B6-A381-D2282344137D}
		{C651C9B0-C152-401C-9BC8-671C051A4564} = {CC07DA22-A2CC-49B6-A381-D2282344137D}
		{C2D8A794-86EC-48F5-A7ED-B7B6746757DA} = {DF83B560-73BF-453F-B51E-D22A58BCF2C3}
		{7EC1D861-5A09-4518-8A9D-F69CD5D05743} = {DF83B560-73BF-453F-B51E-D22A58BCF2C3}
		{FAB9C4F0-760F-4F49-BD8B-EC29D31D91BD} = {CC07DA22-A2CC-49B6-A381-D2282344137D}
		{940D3B8B-20D9-4745-9028-498E383D3170} = {99DE49F8-B6A3-4816-9E92-68DE30F11C4F}
		{50DBF0BA-6592-4876-81DE-99D9684625E4} = {CC07DA22-A2CC-49B6-A381-D2282344137D}
	EndGlobalSection
	GlobalSection(ExtensibilityGlobals) = postSolution
		SolutionGuid = {2DD5F49D-3F67-4D88-A29C-EFDBE7B76098}
	EndGlobalSection
EndGlobal
